
Microsoft Visual Studio Solution File, Format Version 12.00
# Visual Studio 15
VisualStudioVersion = 15.0.28307.705
MinimumVisualStudioVersion = 10.0.40219.1
Project("{9A19103F-16F7-4668-BE54-9A1E7A4F7556}") = "Ecommerce.Api", "Ecommerce.Api\Ecommerce.Api.csproj", "{9FE72372-34BF-4825-806E-456C0B366DF2}"
EndProject
Project("{9A19103F-16F7-4668-BE54-9A1E7A4F7556}") = "Ecommerce.Repository.UnitTests", "Ecommerce.Repository.UnitTests\Ecommerce.Repository.UnitTests.csproj", "{E73C0BB6-E23F-4FBD-BA0B-BB5EEE4D951C}"
EndProject
Project("{9A19103F-16F7-4668-BE54-9A1E7A4F7556}") = "Ecommerce.AutoMapper.Profiles", "Ecommerce.AutoMapper.Profiles\Ecommerce.AutoMapper.Profiles.csproj", "{FD821DB2-1FBA-4751-A28D-CEDA48BC0D46}"
EndProject
Project("{9A19103F-16F7-4668-BE54-9A1E7A4F7556}") = "ECommerce.Service.UnitTests", "ECommerce.Service.UnitTests\ECommerce.Service.UnitTests.csproj", "{C0EE6645-1D32-487C-8838-561F79C8041A}"
EndProject
Project("{9A19103F-16F7-4668-BE54-9A1E7A4F7556}") = "ECommerce.Api.UnitTests", "ECommerce.Api.UnitTests\ECommerce.Api.UnitTests.csproj", "{3B80C25B-86AE-4531-A9F8-DEFD39149468}"
EndProject
Project("{9A19103F-16F7-4668-BE54-9A1E7A4F7556}") = "Ecommerce.Entities", "Ecommerce.Entities\Ecommerce.Entities.csproj", "{8D184426-C7B8-4167-A86F-150556911587}"
EndProject
Project("{9A19103F-16F7-4668-BE54-9A1E7A4F7556}") = "ECommerce.Models", "ECommerce.Models\ECommerce.Models.csproj", "{20CBB717-D094-4FF3-9D59-1C6D2B8DA0E6}"
EndProject
Project("{9A19103F-16F7-4668-BE54-9A1E7A4F7556}") = "Ecommerce.Repository", "Ecommerce.Repository\Ecommerce.Repository.csproj", "{635537CC-605C-416A-A78B-F1E707AB299C}"
EndProject
Project("{9A19103F-16F7-4668-BE54-9A1E7A4F7556}") = "ECommerce.Helpers", "ECommerce.Helpers\ECommerce.Helpers.csproj", "{9BC5FB40-FB27-4E25-8583-21520477F5A4}"
EndProject
Project("{9A19103F-16F7-4668-BE54-9A1E7A4F7556}") = "Ecommerce.Service", "Ecommerce.Service\Ecommerce.Service.csproj", "{8DE46476-5CC5-4055-82FF-774656BB4E80}"
EndProject
Project("{9A19103F-16F7-4668-BE54-9A1E7A4F7556}") = "Ecommerce.SqlData", "Ecommerce.SqlData\Ecommerce.SqlData.csproj", "{F3476293-D2A0-44D6-A75E-7EF3DBFB6381}"
EndProject
Global
	GlobalSection(SolutionConfigurationPlatforms) = preSolution
		Debug|Any CPU = Debug|Any CPU
		Release|Any CPU = Release|Any CPU
	EndGlobalSection
	GlobalSection(ProjectConfigurationPlatforms) = postSolution
		{9FE72372-34BF-4825-806E-456C0B366DF2}.Debug|Any CPU.ActiveCfg = Debug|Any CPU
		{9FE72372-34BF-4825-806E-456C0B366DF2}.Debug|Any CPU.Build.0 = Debug|Any CPU
		{9FE72372-34BF-4825-806E-456C0B366DF2}.Release|Any CPU.ActiveCfg = Release|Any CPU
		{9FE72372-34BF-4825-806E-456C0B366DF2}.Release|Any CPU.Build.0 = Release|Any CPU
		{E73C0BB6-E23F-4FBD-BA0B-BB5EEE4D951C}.Debug|Any CPU.ActiveCfg = Debug|Any CPU
		{E73C0BB6-E23F-4FBD-BA0B-BB5EEE4D951C}.Debug|Any CPU.Build.0 = Debug|Any CPU
		{E73C0BB6-E23F-4FBD-BA0B-BB5EEE4D951C}.Release|Any CPU.ActiveCfg = Release|Any CPU
		{E73C0BB6-E23F-4FBD-BA0B-BB5EEE4D951C}.Release|Any CPU.Build.0 = Release|Any CPU
		{FD821DB2-1FBA-4751-A28D-CEDA48BC0D46}.Debug|Any CPU.ActiveCfg = Debug|Any CPU
		{FD821DB2-1FBA-4751-A28D-CEDA48BC0D46}.Debug|Any CPU.Build.0 = Debug|Any CPU
		{FD821DB2-1FBA-4751-A28D-CEDA48BC0D46}.Release|Any CPU.ActiveCfg = Release|Any CPU
		{FD821DB2-1FBA-4751-A28D-CEDA48BC0D46}.Release|Any CPU.Build.0 = Release|Any CPU
		{C0EE6645-1D32-487C-8838-561F79C8041A}.Debug|Any CPU.ActiveCfg = Debug|Any CPU
		{C0EE6645-1D32-487C-8838-561F79C8041A}.Debug|Any CPU.Build.0 = Debug|Any CPU
		{C0EE6645-1D32-487C-8838-561F79C8041A}.Release|Any CPU.ActiveCfg = Release|Any CPU
		{C0EE6645-1D32-487C-8838-561F79C8041A}.Release|Any CPU.Build.0 = Release|Any CPU
		{3B80C25B-86AE-4531-A9F8-DEFD39149468}.Debug|Any CPU.ActiveCfg = Debug|Any CPU
		{3B80C25B-86AE-4531-A9F8-DEFD39149468}.Debug|Any CPU.Build.0 = Debug|Any CPU
		{3B80C25B-86AE-4531-A9F8-DEFD39149468}.Release|Any CPU.ActiveCfg = Release|Any CPU
		{3B80C25B-86AE-4531-A9F8-DEFD39149468}.Release|Any CPU.Build.0 = Release|Any CPU
		{8D184426-C7B8-4167-A86F-150556911587}.Debug|Any CPU.ActiveCfg = Debug|Any CPU
		{8D184426-C7B8-4167-A86F-150556911587}.Debug|Any CPU.Build.0 = Debug|Any CPU
		{8D184426-C7B8-4167-A86F-150556911587}.Release|Any CPU.ActiveCfg = Release|Any CPU
		{8D184426-C7B8-4167-A86F-150556911587}.Release|Any CPU.Build.0 = Release|Any CPU
		{20CBB717-D094-4FF3-9D59-1C6D2B8DA0E6}.Debug|Any CPU.ActiveCfg = Debug|Any CPU
		{20CBB717-D094-4FF3-9D59-1C6D2B8DA0E6}.Debug|Any CPU.Build.0 = Debug|Any CPU
		{20CBB717-D094-4FF3-9D59-1C6D2B8DA0E6}.Release|Any CPU.ActiveCfg = Release|Any CPU
		{20CBB717-D094-4FF3-9D59-1C6D2B8DA0E6}.Release|Any CPU.Build.0 = Release|Any CPU
		{635537CC-605C-416A-A78B-F1E707AB299C}.Debug|Any CPU.ActiveCfg = Debug|Any CPU
		{635537CC-605C-416A-A78B-F1E707AB299C}.Debug|Any CPU.Build.0 = Debug|Any CPU
		{635537CC-605C-416A-A78B-F1E707AB299C}.Release|Any CPU.ActiveCfg = Release|Any CPU
		{635537CC-605C-416A-A78B-F1E707AB299C}.Release|Any CPU.Build.0 = Release|Any CPU
		{9BC5FB40-FB27-4E25-8583-21520477F5A4}.Debug|Any CPU.ActiveCfg = Debug|Any CPU
		{9BC5FB40-FB27-4E25-8583-21520477F5A4}.Debug|Any CPU.Build.0 = Debug|Any CPU
		{9BC5FB40-FB27-4E25-8583-21520477F5A4}.Release|Any CPU.ActiveCfg = Release|Any CPU
		{9BC5FB40-FB27-4E25-8583-21520477F5A4}.Release|Any CPU.Build.0 = Release|Any CPU
		{8DE46476-5CC5-4055-82FF-774656BB4E80}.Debug|Any CPU.ActiveCfg = Debug|Any CPU
		{8DE46476-5CC5-4055-82FF-774656BB4E80}.Debug|Any CPU.Build.0 = Debug|Any CPU
		{8DE46476-5CC5-4055-82FF-774656BB4E80}.Release|Any CPU.ActiveCfg = Release|Any CPU
		{8DE46476-5CC5-4055-82FF-774656BB4E80}.Release|Any CPU.Build.0 = Release|Any CPU
		{F3476293-D2A0-44D6-A75E-7EF3DBFB6381}.Debug|Any CPU.ActiveCfg = Debug|Any CPU
		{F3476293-D2A0-44D6-A75E-7EF3DBFB6381}.Debug|Any CPU.Build.0 = Debug|Any CPU
		{F3476293-D2A0-44D6-A75E-7EF3DBFB6381}.Release|Any CPU.ActiveCfg = Release|Any CPU
		{F3476293-D2A0-44D6-A75E-7EF3DBFB6381}.Release|Any CPU.Build.0 = Release|Any CPU
	EndGlobalSection
	GlobalSection(SolutionProperties) = preSolution
		HideSolutionNode = FALSE
	EndGlobalSection
	GlobalSection(ExtensibilityGlobals) = postSolution
		SolutionGuid = {69ADC729-50D8-48D8-AB5B-D79C74C9E141}
	EndGlobalSection
EndGlobal
